
Microsoft Visual Studio Solution File, Format Version 12.00
# Visual Studio 14
VisualStudioVersion = 14.0.25123.0
MinimumVisualStudioVersion = 10.0.40219.1
Project("{2150E333-8FDC-42A3-9474-1A3956D46DE8}") = "src", "src", "{46CCE590-AD6F-40F3-898C-287E84D803B1}"
EndProject
Project("{2150E333-8FDC-42A3-9474-1A3956D46DE8}") = "Solution Items", "Solution Items", "{9B4CA586-E6EC-4C3D-B866-C477E24B3184}"
	ProjectSection(SolutionItems) = preProject
		global.json = global.json
	EndProjectSection
EndProject
Project("{2150E333-8FDC-42A3-9474-1A3956D46DE8}") = "test", "test", "{0460C9CF-60CC-4862-A7CC-DCFD60542656}"
EndProject
Project("{8BB2217D-0F2D-49D1-97BC-3654ED321F3B}") = "Wilcommerce.Core.Common.Test", "Wilcommerce.Core.Common.Test\Wilcommerce.Core.Common.Test.xproj", "{B01BF850-CAF4-4529-8995-6C24F6D0A533}"
EndProject
Project("{8BB2217D-0F2D-49D1-97BC-3654ED321F3B}") = "Wilcommerce.Core.Infrastructure", "src\Wilcommerce.Core.Infrastructure\Wilcommerce.Core.Infrastructure.xproj", "{AD4A9B0C-A9BB-4167-9DFC-E73C7CC08342}"
EndProject
Project("{8BB2217D-0F2D-49D1-97BC-3654ED321F3B}") = "Wilcommerce.Core.Common", "src\Wilcommerce.Core.Common\Wilcommerce.Core.Common.xproj", "{2FCDEAE8-985B-4535-BEFC-7A517AE99DEC}"
EndProject
Global
	GlobalSection(SolutionConfigurationPlatforms) = preSolution
		Debug|Any CPU = Debug|Any CPU
		Release|Any CPU = Release|Any CPU
	EndGlobalSection
	GlobalSection(ProjectConfigurationPlatforms) = postSolution
		{B01BF850-CAF4-4529-8995-6C24F6D0A533}.Debug|Any CPU.ActiveCfg = Debug|Any CPU
		{B01BF850-CAF4-4529-8995-6C24F6D0A533}.Debug|Any CPU.Build.0 = Debug|Any CPU
		{B01BF850-CAF4-4529-8995-6C24F6D0A533}.Release|Any CPU.ActiveCfg = Release|Any CPU
		{B01BF850-CAF4-4529-8995-6C24F6D0A533}.Release|Any CPU.Build.0 = Release|Any CPU
		{AD4A9B0C-A9BB-4167-9DFC-E73C7CC08342}.Debug|Any CPU.ActiveCfg = Debug|Any CPU
		{AD4A9B0C-A9BB-4167-9DFC-E73C7CC08342}.Debug|Any CPU.Build.0 = Debug|Any CPU
		{AD4A9B0C-A9BB-4167-9DFC-E73C7CC08342}.Release|Any CPU.ActiveCfg = Release|Any CPU
		{AD4A9B0C-A9BB-4167-9DFC-E73C7CC08342}.Release|Any CPU.Build.0 = Release|Any CPU
		{2FCDEAE8-985B-4535-BEFC-7A517AE99DEC}.Debug|Any CPU.ActiveCfg = Debug|Any CPU
		{2FCDEAE8-985B-4535-BEFC-7A517AE99DEC}.Debug|Any CPU.Build.0 = Debug|Any CPU
		{2FCDEAE8-985B-4535-BEFC-7A517AE99DEC}.Release|Any CPU.ActiveCfg = Release|Any CPU
		{2FCDEAE8-985B-4535-BEFC-7A517AE99DEC}.Release|Any CPU.Build.0 = Release|Any CPU
	EndGlobalSection
	GlobalSection(SolutionProperties) = preSolution
		HideSolutionNode = FALSE
	EndGlobalSection
	GlobalSection(NestedProjects) = preSolution
		{B01BF850-CAF4-4529-8995-6C24F6D0A533} = {0460C9CF-60CC-4862-A7CC-DCFD60542656}
		{AD4A9B0C-A9BB-4167-9DFC-E73C7CC08342} = {46CCE590-AD6F-40F3-898C-287E84D803B1}
		{2FCDEAE8-985B-4535-BEFC-7A517AE99DEC} = {46CCE590-AD6F-40F3-898C-287E84D803B1}
	EndGlobalSection
EndGlobal
